// !$*UTF8*$!
{
	archiveVersion = 1;
	classes = {
	};
	objectVersion = 77;
	objects = {

/* Begin PBXBuildFile section */
		870AC0FB300CB33700536C21 /* WidgetKit.framework in Frameworks */ = {isa = PBXBuildFile; fileRef = 87260C91300B5B1500757D29 /* WidgetKit.framework */; };
		870AC0FC300CB33700536C21 /* SwiftUI.framework in Frameworks */ = {isa = PBXBuildFile; fileRef = 87260C93300B5B1500757D29 /* SwiftUI.framework */; };
		870AC107300CB33800536C21 /* PawductiveWidgetsExtension.appex in Embed Foundation Extensions */ = {isa = PBXBuildFile; fileRef = 870AC0FA300CB33700536C21 /* PawductiveWidgetsExtension.appex */; settings = {ATTRIBUTES = (RemoveHeadersOnCopy, ); }; };
/* End PBXBuildFile section */

/* Begin PBXContainerItemProxy section */
		870AC105300CB33800536C21 /* PBXContainerItemProxy */ = {
			isa = PBXContainerItemProxy;
			containerPortal = F652EAFE2FB9D7E600DF4DD6 /* Project object */;
			proxyType = 1;
			remoteGlobalIDString = 870AC0F9300CB33700536C21;
			remoteInfo = PawductiveWidgetsExtension;
		};
		F652EB162FB9D7E700DF4DD6 /* PBXContainerItemProxy */ = {
			isa = PBXContainerItemProxy;
			containerPortal = F652EAFE2FB9D7E600DF4DD6 /* Project object */;
			proxyType = 1;
			remoteGlobalIDString = F652EB052FB9D7E600DF4DD6;
			remoteInfo = Pawductive;
		};
		F652EB202FB9D7E700DF4DD6 /* PBXContainerItemProxy */ = {
			isa = PBXContainerItemProxy;
			containerPortal = F652EAFE2FB9D7E600DF4DD6 /* Project object */;
			proxyType = 1;
			remoteGlobalIDString = F652EB052FB9D7E600DF4DD6;
			remoteInfo = Pawductive;
		};
/* End PBXContainerItemProxy section */

/* Begin PBXCopyFilesBuildPhase section */
		87260CA0300B5B1600757D29 /* Embed Foundation Extensions */ = {
			isa = PBXCopyFilesBuildPhase;
			buildActionMask = 2147483647;
			dstPath = "";
			dstSubfolderSpec = 13;
			files = (
				870AC107300CB33800536C21 /* PawductiveWidgetsExtension.appex in Embed Foundation Extensions */,
			);
			name = "Embed Foundation Extensions";
			runOnlyForDeploymentPostprocessing = 0;
		};
/* End PBXCopyFilesBuildPhase section */

/* Begin PBXFileReference section */
		870AC0FA300CB33700536C21 /* PawductiveWidgetsExtension.appex */ = {isa = PBXFileReference; explicitFileType = "wrapper.app-extension"; includeInIndex = 0; path = PawductiveWidgetsExtension.appex; sourceTree = BUILT_PRODUCTS_DIR; };
		870AC13E300D3E5800536C21 /* PawductiveWidgetsExtension.entitlements */ = {isa = PBXFileReference; lastKnownFileType = text.plist.entitlements; path = PawductiveWidgetsExtension.entitlements; sourceTree = "<group>"; };
		87260C91300B5B1500757D29 /* WidgetKit.framework */ = {isa = PBXFileReference; lastKnownFileType = wrapper.framework; name = WidgetKit.framework; path = System/Library/Frameworks/WidgetKit.framework; sourceTree = SDKROOT; };
		87260C93300B5B1500757D29 /* SwiftUI.framework */ = {isa = PBXFileReference; lastKnownFileType = wrapper.framework; name = SwiftUI.framework; path = System/Library/Frameworks/SwiftUI.framework; sourceTree = SDKROOT; };
		F652EB062FB9D7E600DF4DD6 /* Pawductive.app */ = {isa = PBXFileReference; explicitFileType = wrapper.application; includeInIndex = 0; path = Pawductive.app; sourceTree = BUILT_PRODUCTS_DIR; };
		F652EB152FB9D7E700DF4DD6 /* PawductiveTests.xctest */ = {isa = PBXFileReference; explicitFileType = wrapper.cfbundle; includeInIndex = 0; path = PawductiveTests.xctest; sourceTree = BUILT_PRODUCTS_DIR; };
		F652EB1F2FB9D7E700DF4DD6 /* PawductiveUITests.xctest */ = {isa = PBXFileReference; explicitFileType = wrapper.cfbundle; includeInIndex = 0; path = PawductiveUITests.xctest; sourceTree = BUILT_PRODUCTS_DIR; };
/* End PBXFileReference section */

/* Begin PBXFileSystemSynchronizedBuildFileExceptionSet section */
		870AC108300CB33800536C21 /* Exceptions for "PawductiveWidgets" folder in "PawductiveWidgetsExtension" target */ = {
			isa = PBXFileSystemSynchronizedBuildFileExceptionSet;
			membershipExceptions = (
				Info.plist,
			);
			target = 870AC0F9300CB33700536C21 /* PawductiveWidgetsExtension */;
		};
		870AC13D300CB37900536C21 /* Exceptions for "Pawductive" folder in "PawductiveWidgetsExtension" target */ = {
			isa = PBXFileSystemSynchronizedBuildFileExceptionSet;
			membershipExceptions = (
				ContentView.swift,
				Info.plist,
				PawductiveApp.swift,
				Tasks/TaskQueueView.swift,
				Timer/TimerView.swift,
			);
			target = 870AC0F9300CB33700536C21 /* PawductiveWidgetsExtension */;
		};
		870AC140300F1D5800536C21 /* Exceptions for "Pawductive" folder in "Pawductive" target */ = {
			isa = PBXFileSystemSynchronizedBuildFileExceptionSet;
			membershipExceptions = (
				Info.plist,
			);
			target = F652EB052FB9D7E600DF4DD6 /* Pawductive */;
		};
/* End PBXFileSystemSynchronizedBuildFileExceptionSet section */

/* Begin PBXFileSystemSynchronizedRootGroup section */
		870AC0FD300CB33700536C21 /* PawductiveWidgets */ = {
			isa = PBXFileSystemSynchronizedRootGroup;
			exceptions = (
				870AC108300CB33800536C21 /* Exceptions for "PawductiveWidgets" folder in "PawductiveWidgetsExtension" target */,
			);
			path = PawductiveWidgets;
			sourceTree = "<group>";
		};
		F652EB082FB9D7E600DF4DD6 /* Pawductive */ = {
			isa = PBXFileSystemSynchronizedRootGroup;
			exceptions = (
				870AC140300F1D5800536C21 /* Exceptions for "Pawductive" folder in "Pawductive" target */,
				870AC13D300CB37900536C21 /* Exceptions for "Pawductive" folder in "PawductiveWidgetsExtension" target */,
			);
			path = Pawductive;
			sourceTree = "<group>";
		};
		F652EB182FB9D7E700DF4DD6 /* PawductiveTests */ = {
			isa = PBXFileSystemSynchronizedRootGroup;
			path = PawductiveTests;
			sourceTree = "<group>";
		};
		F652EB222FB9D7E700DF4DD6 /* PawductiveUITests */ = {
			isa = PBXFileSystemSynchronizedRootGroup;
			path = PawductiveUITests;
			sourceTree = "<group>";
		};
/* End PBXFileSystemSynchronizedRootGroup section */

/* Begin PBXFrameworksBuildPhase section */
		870AC0F7300CB33700536C21 /* Frameworks */ = {
			isa = PBXFrameworksBuildPhase;
			buildActionMask = 2147483647;
			files = (
				870AC0FC300CB33700536C21 /* SwiftUI.framework in Frameworks */,
				870AC0FB300CB33700536C21 /* WidgetKit.framework in Frameworks */,
			);
			runOnlyForDeploymentPostprocessing = 0;
		};
		F652EB032FB9D7E600DF4DD6 /* Frameworks */ = {
			isa = PBXFrameworksBuildPhase;
			buildActionMask = 2147483647;
			files = (
			);
			runOnlyForDeploymentPostprocessing = 0;
		};
		F652EB122FB9D7E700DF4DD6 /* Frameworks */ = {
			isa = PBXFrameworksBuildPhase;
			buildActionMask = 2147483647;
			files = (
			);
			runOnlyForDeploymentPostprocessing = 0;
		};
		F652EB1C2FB9D7E700DF4DD6 /* Frameworks */ = {
			isa = PBXFrameworksBuildPhase;
			buildActionMask = 2147483647;
			files = (
			);
			runOnlyForDeploymentPostprocessing = 0;
		};
/* End PBXFrameworksBuildPhase section */

/* Begin PBXGroup section */
		87260C90300B5B1500757D29 /* Frameworks */ = {
			isa = PBXGroup;
			children = (
				87260C91300B5B1500757D29 /* WidgetKit.framework */,
				87260C93300B5B1500757D29 /* SwiftUI.framework */,
			);
			name = Frameworks;
			sourceTree = "<group>";
		};
		F652EAFD2FB9D7E600DF4DD6 = {
			isa = PBXGroup;
			children = (
				870AC13E300D3E5800536C21 /* PawductiveWidgetsExtension.entitlements */,
				F652EB182FB9D7E700DF4DD6 /* PawductiveTests */,
				F652EB222FB9D7E700DF4DD6 /* PawductiveUITests */,
				870AC0FD300CB33700536C21 /* PawductiveWidgets */,
				87260C90300B5B1500757D29 /* Frameworks */,
				F652EB072FB9D7E600DF4DD6 /* Products */,
				F652EB082FB9D7E600DF4DD6 /* Pawductive */,
			);
			sourceTree = "<group>";
		};
		F652EB072FB9D7E600DF4DD6 /* Products */ = {
			isa = PBXGroup;
			children = (
				F652EB062FB9D7E600DF4DD6 /* Pawductive.app */,
				F652EB152FB9D7E700DF4DD6 /* PawductiveTests.xctest */,
				F652EB1F2FB9D7E700DF4DD6 /* PawductiveUITests.xctest */,
				870AC0FA300CB33700536C21 /* PawductiveWidgetsExtension.appex */,
			);
			name = Products;
			sourceTree = "<group>";
		};
/* End PBXGroup section */

/* Begin PBXNativeTarget section */
		870AC0F9300CB33700536C21 /* PawductiveWidgetsExtension */ = {
			isa = PBXNativeTarget;
			buildConfigurationList = 870AC109300CB33800536C21 /* Build configuration list for PBXNativeTarget "PawductiveWidgetsExtension" */;
			buildPhases = (
				870AC0F6300CB33700536C21 /* Sources */,
				870AC0F7300CB33700536C21 /* Frameworks */,
				870AC0F8300CB33700536C21 /* Resources */,
			);
			buildRules = (
			);
			dependencies = (
			);
			fileSystemSynchronizedGroups = (
				870AC0FD300CB33700536C21 /* PawductiveWidgets */,
				F652EB082FB9D7E600DF4DD6 /* Pawductive */,
			);
			name = PawductiveWidgetsExtension;
			packageProductDependencies = (
			);
			productName = PawductiveWidgetsExtension;
			productReference = 870AC0FA300CB33700536C21 /* PawductiveWidgetsExtension.appex */;
			productType = "com.apple.product-type.app-extension";
		};
		F652EB052FB9D7E600DF4DD6 /* Pawductive */ = {
			isa = PBXNativeTarget;
			buildConfigurationList = F652EB292FB9D7E700DF4DD6 /* Build configuration list for PBXNativeTarget "Pawductive" */;
			buildPhases = (
				F652EB022FB9D7E600DF4DD6 /* Sources */,
				F652EB032FB9D7E600DF4DD6 /* Frameworks */,
				F652EB042FB9D7E600DF4DD6 /* Resources */,
				87260CA0300B5B1600757D29 /* Embed Foundation Extensions */,
			);
			buildRules = (
			);
			dependencies = (
				870AC106300CB33800536C21 /* PBXTargetDependency */,
			);
			fileSystemSynchronizedGroups = (
				F652EB082FB9D7E600DF4DD6 /* Pawductive */,
			);
			name = Pawductive;
			packageProductDependencies = (
			);
			productName = Pawductive;
			productReference = F652EB062FB9D7E600DF4DD6 /* Pawductive.app */;
			productType = "com.apple.product-type.application";
		};
		F652EB142FB9D7E700DF4DD6 /* PawductiveTests */ = {
			isa = PBXNativeTarget;
			buildConfigurationList = F652EB2C2FB9D7E700DF4DD6 /* Build configuration list for PBXNativeTarget "PawductiveTests" */;
			buildPhases = (
				F652EB112FB9D7E700DF4DD6 /* Sources */,
				F652EB122FB9D7E700DF4DD6 /* Frameworks */,
				F652EB132FB9D7E700DF4DD6 /* Resources */,
			);
			buildRules = (
			);
			dependencies = (
				F652EB172FB9D7E700DF4DD6 /* PBXTargetDependency */,
			);
			fileSystemSynchronizedGroups = (
				F652EB182FB9D7E700DF4DD6 /* PawductiveTests */,
			);
			name = PawductiveTests;
			packageProductDependencies = (
			);
			productName = PawductiveTests;
			productReference = F652EB152FB9D7E700DF4DD6 /* PawductiveTests.xctest */;
			productType = "com.apple.product-type.bundle.unit-test";
		};
		F652EB1E2FB9D7E700DF4DD6 /* PawductiveUITests */ = {
			isa = PBXNativeTarget;
			buildConfigurationList = F652EB2F2FB9D7E700DF4DD6 /* Build configuration list for PBXNativeTarget "PawductiveUITests" */;
			buildPhases = (
				F652EB1B2FB9D7E700DF4DD6 /* Sources */,
				F652EB1C2FB9D7E700DF4DD6 /* Frameworks */,
				F652EB1D2FB9D7E700DF4DD6 /* Resources */,
			);
			buildRules = (
			);
			dependencies = (
				F652EB212FB9D7E700DF4DD6 /* PBXTargetDependency */,
			);
			fileSystemSynchronizedGroups = (
				F652EB222FB9D7E700DF4DD6 /* PawductiveUITests */,
			);
			name = PawductiveUITests;
			packageProductDependencies = (
			);
			productName = PawductiveUITests;
			productReference = F652EB1F2FB9D7E700DF4DD6 /* PawductiveUITests.xctest */;
			productType = "com.apple.product-type.bundle.ui-testing";
		};
/* End PBXNativeTarget section */

/* Begin PBXProject section */
		F652EAFE2FB9D7E600DF4DD6 /* Project object */ = {
			isa = PBXProject;
			attributes = {
				BuildIndependentTargetsInParallel = 1;
				LastSwiftUpdateCheck = 2650;
				LastUpgradeCheck = 2660;
				TargetAttributes = {
					870AC0F9300CB33700536C21 = {
						CreatedOnToolsVersion = 26.5;
					};
					F652EB052FB9D7E600DF4DD6 = {
						CreatedOnToolsVersion = 26.5;
					};
					F652EB142FB9D7E700DF4DD6 = {
						CreatedOnToolsVersion = 26.5;
						LastSwiftMigration = 2650;
						TestTargetID = F652EB052FB9D7E600DF4DD6;
					};
					F652EB1E2FB9D7E700DF4DD6 = {
						CreatedOnToolsVersion = 26.5;
						TestTargetID = F652EB052FB9D7E600DF4DD6;
					};
				};
			};
			buildConfigurationList = F652EB012FB9D7E600DF4DD6 /* Build configuration list for PBXProject "Pawductive" */;
			developmentRegion = en;
			hasScannedForEncodings = 0;
			knownRegions = (
				en,
				Base,
			);
			mainGroup = F652EAFD2FB9D7E600DF4DD6;
			minimizedProjectReferenceProxies = 1;
			preferredProjectObjectVersion = 77;
			productRefGroup = F652EB072FB9D7E600DF4DD6 /* Products */;
			projectDirPath = "";
			projectRoot = "";
			targets = (
				F652EB052FB9D7E600DF4DD6 /* Pawductive */,
				F652EB142FB9D7E700DF4DD6 /* PawductiveTests */,
				F652EB1E2FB9D7E700DF4DD6 /* PawductiveUITests */,
				870AC0F9300CB33700536C21 /* PawductiveWidgetsExtension */,
			);
		};
/* End PBXProject section */

/* Begin PBXResourcesBuildPhase section */
		870AC0F8300CB33700536C21 /* Resources */ = {
			isa = PBXResourcesBuildPhase;
			buildActionMask = 2147483647;
			files = (
			);
			runOnlyForDeploymentPostprocessing = 0;
		};
		F652EB042FB9D7E600DF4DD6 /* Resources */ = {
			isa = PBXResourcesBuildPhase;
			buildActionMask = 2147483647;
			files = (
			);
			runOnlyForDeploymentPostprocessing = 0;
		};
		F652EB132FB9D7E700DF4DD6 /* Resources */ = {
			isa = PBXResourcesBuildPhase;
			buildActionMask = 2147483647;
			files = (
			);
			runOnlyForDeploymentPostprocessing = 0;
		};
		F652EB1D2FB9D7E700DF4DD6 /* Resources */ = {
			isa = PBXResourcesBuildPhase;
			buildActionMask = 2147483647;
			files = (
			);
			runOnlyForDeploymentPostprocessing = 0;
		};
/* End PBXResourcesBuildPhase section */

/* Begin PBXSourcesBuildPhase section */
		870AC0F6300CB33700536C21 /* Sources */ = {
			isa = PBXSourcesBuildPhase;
			buildActionMask = 2147483647;
			files = (
			);
			runOnlyForDeploymentPostprocessing = 0;
		};
		F652EB022FB9D7E600DF4DD6 /* Sources */ = {
			isa = PBXSourcesBuildPhase;
			buildActionMask = 2147483647;
			files = (
			);
			runOnlyForDeploymentPostprocessing = 0;
		};
		F652EB112FB9D7E700DF4DD6 /* Sources */ = {
			isa = PBXSourcesBuildPhase;
			buildActionMask = 2147483647;
			files = (
			);
			runOnlyForDeploymentPostprocessing = 0;
		};
		F652EB1B2FB9D7E700DF4DD6 /* Sources */ = {
			isa = PBXSourcesBuildPhase;
			buildActionMask = 2147483647;
			files = (
			);
			runOnlyForDeploymentPostprocessing = 0;
		};
/* End PBXSourcesBuildPhase section */

/* Begin PBXTargetDependency section */
		870AC106300CB33800536C21 /* PBXTargetDependency */ = {
			isa = PBXTargetDependency;
			target = 870AC0F9300CB33700536C21 /* PawductiveWidgetsExtension */;
			targetProxy = 870AC105300CB33800536C21 /* PBXContainerItemProxy */;
		};
		F652EB172FB9D7E700DF4DD6 /* PBXTargetDependency */ = {
			isa = PBXTargetDependency;
			target = F652EB052FB9D7E600DF4DD6 /* Pawductive */;
			targetProxy = F652EB162FB9D7E700DF4DD6 /* PBXContainerItemProxy */;
		};
		F652EB212FB9D7E700DF4DD6 /* PBXTargetDependency */ = {
			isa = PBXTargetDependency;
			target = F652EB052FB9D7E600DF4DD6 /* Pawductive */;
			targetProxy = F652EB202FB9D7E700DF4DD6 /* PBXContainerItemProxy */;
		};
/* End PBXTargetDependency section */

/* Begin XCBuildConfiguration section */
		870AC10A300CB33800536C21 /* Debug */ = {
			isa = XCBuildConfiguration;
			buildSettings = {
				ASSETCATALOG_COMPILER_GLOBAL_ACCENT_COLOR_NAME = AccentColor;
				ASSETCATALOG_COMPILER_WIDGET_BACKGROUND_COLOR_NAME = WidgetBackground;
				CODE_SIGN_ENTITLEMENTS = PawductiveWidgetsExtension.entitlements;
				CODE_SIGN_STYLE = Automatic;
				CURRENT_PROJECT_VERSION = 1;
				DEVELOPMENT_TEAM = 866KFY4F92;
				GENERATE_INFOPLIST_FILE = YES;
				INFOPLIST_FILE = PawductiveWidgets/Info.plist;
				INFOPLIST_KEY_CFBundleDisplayName = PawductiveWidgets;
				INFOPLIST_KEY_NSHumanReadableCopyright = "";
				LD_RUNPATH_SEARCH_PATHS = (
					"$(inherited)",
					"@executable_path/Frameworks",
					"@executable_path/../../Frameworks",
				);
				MARKETING_VERSION = 1.0;
				PRODUCT_BUNDLE_IDENTIFIER = com.Pawductive.Pawductive.PawductiveWidgets;
				PRODUCT_NAME = "$(TARGET_NAME)";
				SKIP_INSTALL = YES;
				STRING_CATALOG_GENERATE_SYMBOLS = YES;
				SWIFT_APPROACHABLE_CONCURRENCY = YES;
				SWIFT_EMIT_LOC_STRINGS = YES;
				SWIFT_UPCOMING_FEATURE_MEMBER_IMPORT_VISIBILITY = YES;
				SWIFT_VERSION = 5.0;
				TARGETED_DEVICE_FAMILY = "1,2";
			};
			name = Debug;
		};
		870AC10B300CB33800536C21 /* Release */ = {
			isa = XCBuildConfiguration;
			buildSettings = {
				ASSETCATALOG_COMPILER_GLOBAL_ACCENT_COLOR_NAME = AccentColor;
				ASSETCATALOG_COMPILER_WIDGET_BACKGROUND_COLOR_NAME = WidgetBackground;
				CODE_SIGN_ENTITLEMENTS = PawductiveWidgetsExtension.entitlements;
				CODE_SIGN_STYLE = Automatic;
				CURRENT_PROJECT_VERSION = 1;
				DEVELOPMENT_TEAM = 866KFY4F92;
				GENERATE_INFOPLIST_FILE = YES;
				INFOPLIST_FILE = PawductiveWidgets/Info.plist;
				INFOPLIST_KEY_CFBundleDisplayName = PawductiveWidgets;
				INFOPLIST_KEY_NSHumanReadableCopyright = "";
				LD_RUNPATH_SEARCH_PATHS = (
					"$(inherited)",
					"@executable_path/Frameworks",
					"@executable_path/../../Frameworks",
				);
				MARKETING_VERSION = 1.0;
				PRODUCT_BUNDLE_IDENTIFIER = com.Pawductive.Pawductive.PawductiveWidgets;
				PRODUCT_NAME = "$(TARGET_NAME)";
				SKIP_INSTALL = YES;
				STRING_CATALOG_GENERATE_SYMBOLS = YES;
				SWIFT_APPROACHABLE_CONCURRENCY = YES;
				SWIFT_EMIT_LOC_STRINGS = YES;
				SWIFT_UPCOMING_FEATURE_MEMBER_IMPORT_VISIBILITY = YES;
				SWIFT_VERSION = 5.0;
				TARGETED_DEVICE_FAMILY = "1,2";
			};
			name = Release;
		};
		F652EB272FB9D7E700DF4DD6 /* Debug */ = {
			isa = XCBuildConfiguration;
			buildSettings = {
				ALWAYS_SEARCH_USER_PATHS = NO;
				ASSETCATALOG_COMPILER_GENERATE_SWIFT_ASSET_SYMBOL_EXTENSIONS = YES;
				CLANG_ANALYZER_NONNULL = YES;
				CLANG_ANALYZER_NUMBER_OBJECT_CONVERSION = YES_AGGRESSIVE;
				CLANG_CXX_LANGUAGE_STANDARD = "gnu++20";
				CLANG_ENABLE_MODULES = YES;
				CLANG_ENABLE_OBJC_ARC = YES;
				CLANG_ENABLE_OBJC_WEAK = YES;
				CLANG_WARN_BLOCK_CAPTURE_AUTORELEASING = YES;
				CLANG_WARN_BOOL_CONVERSION = YES;
				CLANG_WARN_COMMA = YES;
				CLANG_WARN_CONSTANT_CONVERSION = YES;
				CLANG_WARN_DEPRECATED_OBJC_IMPLEMENTATIONS = YES;
				CLANG_WARN_DIRECT_OBJC_ISA_USAGE = YES_ERROR;
				CLANG_WARN_DOCUMENTATION_COMMENTS = YES;
				CLANG_WARN_EMPTY_BODY = YES;
				CLANG_WARN_ENUM_CONVERSION = YES;
				CLANG_WARN_INFINITE_RECURSION = YES;
				CLANG_WARN_INT_CONVERSION = YES;
				CLANG_WARN_NON_LITERAL_NULL_CONVERSION = YES;
				CLANG_WARN_OBJC_IMPLICIT_RETAIN_SELF = YES;
				CLANG_WARN_OBJC_LITERAL_CONVERSION = YES;
				CLANG_WARN_OBJC_ROOT_CLASS = YES_ERROR;
				CLANG_WARN_QUOTED_INCLUDE_IN_FRAMEWORK_HEADER = YES;
				CLANG_WARN_RANGE_LOOP_ANALYSIS = YES;
				CLANG_WARN_STRICT_PROTOTYPES = YES;
				CLANG_WARN_SUSPICIOUS_MOVE = YES;
				CLANG_WARN_UNGUARDED_AVAILABILITY = YES_AGGRESSIVE;
				CLANG_WARN_UNREACHABLE_CODE = YES;
				CLANG_WARN__DUPLICATE_METHOD_MATCH = YES;
				COPY_PHASE_STRIP = NO;
				DEBUG_INFORMATION_FORMAT = dwarf;
				DEVELOPMENT_TEAM = G2U6XXLCBU;
				ENABLE_STRICT_OBJC_MSGSEND = YES;
				ENABLE_TESTABILITY = YES;
				ENABLE_USER_SCRIPT_SANDBOXING = YES;
				GCC_C_LANGUAGE_STANDARD = gnu17;
				GCC_DYNAMIC_NO_PIC = NO;
				GCC_NO_COMMON_BLOCKS = YES;
				GCC_OPTIMIZATION_LEVEL = 0;
				GCC_PREPROCESSOR_DEFINITIONS = (
					"DEBUG=1",
					"$(inherited)",
				);
				GCC_WARN_64_TO_32_BIT_CONVERSION = YES;
				GCC_WARN_ABOUT_RETURN_TYPE = YES_ERROR;
				GCC_WARN_UNDECLARED_SELECTOR = YES;
				GCC_WARN_UNINITIALIZED_AUTOS = YES_AGGRESSIVE;
				GCC_WARN_UNUSED_FUNCTION = YES;
				GCC_WARN_UNUSED_VARIABLE = YES;
				IPHONEOS_DEPLOYMENT_TARGET = 18.6;
				LOCALIZATION_PREFERS_STRING_CATALOGS = YES;
				MTL_ENABLE_DEBUG_INFO = INCLUDE_SOURCE;
				MTL_FAST_MATH = YES;
				ONLY_ACTIVE_ARCH = YES;
				SDKROOT = iphoneos;
				STRING_CATALOG_GENERATE_SYMBOLS = YES;
				SWIFT_ACTIVE_COMPILATION_CONDITIONS = "DEBUG $(inherited)";
				SWIFT_OPTIMIZATION_LEVEL = "-Onone";
			};
			name = Debug;
		};
		F652EB282FB9D7E700DF4DD6 /* Release */ = {
			isa = XCBuildConfiguration;
			buildSettings = {
				ALWAYS_SEARCH_USER_PATHS = NO;
				ASSETCATALOG_COMPILER_GENERATE_SWIFT_ASSET_SYMBOL_EXTENSIONS = YES;
				CLANG_ANALYZER_NONNULL = YES;
				CLANG_ANALYZER_NUMBER_OBJECT_CONVERSION = YES_AGGRESSIVE;
				CLANG_CXX_LANGUAGE_STANDARD = "gnu++20";
				CLANG_ENABLE_MODULES = YES;
				CLANG_ENABLE_OBJC_ARC = YES;
				CLANG_ENABLE_OBJC_WEAK = YES;
				CLANG_WARN_BLOCK_CAPTURE_AUTORELEASING = YES;
				CLANG_WARN_BOOL_CONVERSION = YES;
				CLANG_WARN_COMMA = YES;
				CLANG_WARN_CONSTANT_CONVERSION = YES;
				CLANG_WARN_DEPRECATED_OBJC_IMPLEMENTATIONS = YES;
				CLANG_WARN_DIRECT_OBJC_ISA_USAGE = YES_ERROR;
				CLANG_WARN_DOCUMENTATION_COMMENTS = YES;
				CLANG_WARN_EMPTY_BODY = YES;
				CLANG_WARN_ENUM_CONVERSION = YES;
				CLANG_WARN_INFINITE_RECURSION = YES;
				CLANG_WARN_INT_CONVERSION = YES;
				CLANG_WARN_NON_LITERAL_NULL_CONVERSION = YES;
				CLANG_WARN_OBJC_IMPLICIT_RETAIN_SELF = YES;
				CLANG_WARN_OBJC_LITERAL_CONVERSION = YES;
				CLANG_WARN_OBJC_ROOT_CLASS = YES_ERROR;
				CLANG_WARN_QUOTED_INCLUDE_IN_FRAMEWORK_HEADER = YES;
				CLANG_WARN_RANGE_LOOP_ANALYSIS = YES;
				CLANG_WARN_STRICT_PROTOTYPES = YES;
				CLANG_WARN_SUSPICIOUS_MOVE = YES;
				CLANG_WARN_UNGUARDED_AVAILABILITY = YES_AGGRESSIVE;
				CLANG_WARN_UNREACHABLE_CODE = YES;
				CLANG_WARN__DUPLICATE_METHOD_MATCH = YES;
				COPY_PHASE_STRIP = NO;
				DEBUG_INFORMATION_FORMAT = "dwarf-with-dsym";
				DEVELOPMENT_TEAM = G2U6XXLCBU;
				ENABLE_NS_ASSERTIONS = NO;
				ENABLE_STRICT_OBJC_MSGSEND = YES;
				ENABLE_USER_SCRIPT_SANDBOXING = YES;
				GCC_C_LANGUAGE_STANDARD = gnu17;
				GCC_NO_COMMON_BLOCKS = YES;
				GCC_WARN_64_TO_32_BIT_CONVERSION = YES;
				GCC_WARN_ABOUT_RETURN_TYPE = YES_ERROR;
				GCC_WARN_UNDECLARED_SELECTOR = YES;
				GCC_WARN_UNINITIALIZED_AUTOS = YES_AGGRESSIVE;
				GCC_WARN_UNUSED_FUNCTION = YES;
				GCC_WARN_UNUSED_VARIABLE = YES;
				IPHONEOS_DEPLOYMENT_TARGET = 18.6;
				LOCALIZATION_PREFERS_STRING_CATALOGS = YES;
				MTL_ENABLE_DEBUG_INFO = NO;
				MTL_FAST_MATH = YES;
				SDKROOT = iphoneos;
				STRING_CATALOG_GENERATE_SYMBOLS = YES;
				SWIFT_COMPILATION_MODE = wholemodule;
				VALIDATE_PRODUCT = YES;
			};
			name = Release;
		};
		F652EB2A2FB9D7E700DF4DD6 /* Debug */ = {
			isa = XCBuildConfiguration;
			buildSettings = {
				ASSETCATALOG_COMPILER_APPICON_NAME = AppIcon;
				ASSETCATALOG_COMPILER_GLOBAL_ACCENT_COLOR_NAME = AccentColor;
				CODE_SIGN_ENTITLEMENTS = Pawductive/Pawductive.entitlements;
				CODE_SIGN_STYLE = Automatic;
				CURRENT_PROJECT_VERSION = 1;
				DEVELOPMENT_TEAM = 866KFY4F92;
				ENABLE_PREVIEWS = YES;
				GENERATE_INFOPLIST_FILE = YES;
				INFOPLIST_FILE = Pawductive/Info.plist;
				INFOPLIST_KEY_CFBundleDisplayName = Pawductive;
				INFOPLIST_KEY_LSApplicationCategoryType = "public.app-category.productivity";
				INFOPLIST_KEY_NSPhotoLibraryAddUsageDescription = "\"Save your focus streak and pet snapshots directly to your Photos library.\"";
				INFOPLIST_KEY_UIApplicationSceneManifest_Generation = YES;
				INFOPLIST_KEY_UIApplicationSupportsIndirectInputEvents = YES;
				INFOPLIST_KEY_UILaunchScreen_Generation = YES;
				INFOPLIST_KEY_UISupportedInterfaceOrientations = UIInterfaceOrientationPortrait;
				IPHONEOS_DEPLOYMENT_TARGET = 18.6;
				LD_RUNPATH_SEARCH_PATHS = (
					"$(inherited)",
					"@executable_path/Frameworks",
				);
				MARKETING_VERSION = 1.0;
				PRODUCT_BUNDLE_IDENTIFIER = com.Pawductive.Pawductive;
				PRODUCT_NAME = "$(TARGET_NAME)";
				STRING_CATALOG_GENERATE_SYMBOLS = YES;
				SWIFT_APPROACHABLE_CONCURRENCY = YES;
				SWIFT_DEFAULT_ACTOR_ISOLATION = MainActor;
				SWIFT_EMIT_LOC_STRINGS = YES;
				SWIFT_UPCOMING_FEATURE_MEMBER_IMPORT_VISIBILITY = YES;
				SWIFT_VERSION = 5.0;
				TARGETED_DEVICE_FAMILY = "1,2";
			};
			name = Debug;
		};
		F652EB2B2FB9D7E700DF4DD6 /* Release */ = {
			isa = XCBuildConfiguration;
			buildSettings = {
				ASSETCATALOG_COMPILER_APPICON_NAME = AppIcon;
				ASSETCATALOG_COMPILER_GLOBAL_ACCENT_COLOR_NAME = AccentColor;
				CODE_SIGN_ENTITLEMENTS = Pawductive/Pawductive.entitlements;
				CODE_SIGN_STYLE = Automatic;
				CURRENT_PROJECT_VERSION = 1;
				DEVELOPMENT_TEAM = 866KFY4F92;
				ENABLE_PREVIEWS = YES;
				GENERATE_INFOPLIST_FILE = YES;
				INFOPLIST_FILE = Pawductive/Info.plist;
				INFOPLIST_KEY_CFBundleDisplayName = Pawductive;
				INFOPLIST_KEY_LSApplicationCategoryType = "public.app-category.productivity";
				INFOPLIST_KEY_NSPhotoLibraryAddUsageDescription = "\"Save your focus streak and pet snapshots directly to your Photos library.\"";
				INFOPLIST_KEY_UIApplicationSceneManifest_Generation = YES;
				INFOPLIST_KEY_UIApplicationSupportsIndirectInputEvents = YES;
				INFOPLIST_KEY_UILaunchScreen_Generation = YES;
				INFOPLIST_KEY_UISupportedInterfaceOrientations = UIInterfaceOrientationPortrait;
				IPHONEOS_DEPLOYMENT_TARGET = 18.6;
				LD_RUNPATH_SEARCH_PATHS = (
					"$(inherited)",
					"@executable_path/Frameworks",
				);
				MARKETING_VERSION = 1.0;
				PRODUCT_BUNDLE_IDENTIFIER = com.Pawductive.Pawductive;
				PRODUCT_NAME = "$(TARGET_NAME)";
				STRING_CATALOG_GENERATE_SYMBOLS = YES;
				SWIFT_APPROACHABLE_CONCURRENCY = YES;
				SWIFT_DEFAULT_ACTOR_ISOLATION = MainActor;
				SWIFT_EMIT_LOC_STRINGS = YES;
				SWIFT_UPCOMING_FEATURE_MEMBER_IMPORT_VISIBILITY = YES;
				SWIFT_VERSION = 5.0;
				TARGETED_DEVICE_FAMILY = "1,2";
			};
			name = Release;
		};
		F652EB2D2FB9D7E700DF4DD6 /* Debug */ = {
			isa = XCBuildConfiguration;
			buildSettings = {
				BUNDLE_LOADER = "$(TEST_HOST)";
				CLANG_ENABLE_MODULES = YES;
				CODE_SIGN_STYLE = Automatic;
				CURRENT_PROJECT_VERSION = 1;
				DEVELOPMENT_TEAM = 866KFY4F92;
				GENERATE_INFOPLIST_FILE = YES;
				IPHONEOS_DEPLOYMENT_TARGET = 18.6;
				MARKETING_VERSION = 1.0;
				PRODUCT_BUNDLE_IDENTIFIER = com.Pawductive.PawductiveTests;
				PRODUCT_NAME = "$(TARGET_NAME)";
				STRING_CATALOG_GENERATE_SYMBOLS = NO;
				SWIFT_APPROACHABLE_CONCURRENCY = YES;
				SWIFT_EMIT_LOC_STRINGS = NO;
				SWIFT_OPTIMIZATION_LEVEL = "-Onone";
				SWIFT_UPCOMING_FEATURE_MEMBER_IMPORT_VISIBILITY = YES;
				SWIFT_VERSION = 5.0;
				TARGETED_DEVICE_FAMILY = "1,2";
				TEST_HOST = "$(BUILT_PRODUCTS_DIR)/Pawductive.app/$(BUNDLE_EXECUTABLE_FOLDER_PATH)/Pawductive";
			};
			name = Debug;
		};
		F652EB2E2FB9D7E700DF4DD6 /* Release */ = {
			isa = XCBuildConfiguration;
			buildSettings = {
				BUNDLE_LOADER = "$(TEST_HOST)";
				CLANG_ENABLE_MODULES = YES;
				CODE_SIGN_STYLE = Automatic;
				CURRENT_PROJECT_VERSION = 1;
				DEVELOPMENT_TEAM = 866KFY4F92;
				GENERATE_INFOPLIST_FILE = YES;
				IPHONEOS_DEPLOYMENT_TARGET = 18.6;
				MARKETING_VERSION = 1.0;
				PRODUCT_BUNDLE_IDENTIFIER = com.Pawductive.PawductiveTests;
				PRODUCT_NAME = "$(TARGET_NAME)";
				STRING_CATALOG_GENERATE_SYMBOLS = NO;
				SWIFT_APPROACHABLE_CONCURRENCY = YES;
				SWIFT_EMIT_LOC_STRINGS = NO;
				SWIFT_UPCOMING_FEATURE_MEMBER_IMPORT_VISIBILITY = YES;
				SWIFT_VERSION = 5.0;
				TARGETED_DEVICE_FAMILY = "1,2";
				TEST_HOST = "$(BUILT_PRODUCTS_DIR)/Pawductive.app/$(BUNDLE_EXECUTABLE_FOLDER_PATH)/Pawductive";
			};
			name = Release;
		};
		F652EB302FB9D7E700DF4DD6 /* Debug */ = {
			isa = XCBuildConfiguration;
			buildSettings = {
				CODE_SIGN_STYLE = Automatic;
				CURRENT_PROJECT_VERSION = 1;
				DEVELOPMENT_TEAM = 866KFY4F92;
				GENERATE_INFOPLIST_FILE = YES;
				IPHONEOS_DEPLOYMENT_TARGET = 18.6;
				MARKETING_VERSION = 1.0;
				PRODUCT_BUNDLE_IDENTIFIER = com.Pawductive.PawductiveUITests;
				PRODUCT_NAME = "$(TARGET_NAME)";
				STRING_CATALOG_GENERATE_SYMBOLS = NO;
				SWIFT_APPROACHABLE_CONCURRENCY = YES;
				SWIFT_EMIT_LOC_STRINGS = NO;
				SWIFT_UPCOMING_FEATURE_MEMBER_IMPORT_VISIBILITY = YES;
				SWIFT_VERSION = 5.0;
				TARGETED_DEVICE_FAMILY = "1,2";
				TEST_TARGET_NAME = Pawductive;
			};
			name = Debug;
		};
		F652EB312FB9D7E700DF4DD6 /* Release */ = {
			isa = XCBuildConfiguration;
			buildSettings = {
				CODE_SIGN_STYLE = Automatic;
				CURRENT_PROJECT_VERSION = 1;
				DEVELOPMENT_TEAM = 866KFY4F92;
				GENERATE_INFOPLIST_FILE = YES;
				IPHONEOS_DEPLOYMENT_TARGET = 18.6;
				MARKETING_VERSION = 1.0;
				PRODUCT_BUNDLE_IDENTIFIER = com.Pawductive.PawductiveUITests;
				PRODUCT_NAME = "$(TARGET_NAME)";
				STRING_CATALOG_GENERATE_SYMBOLS = NO;
				SWIFT_APPROACHABLE_CONCURRENCY = YES;
				SWIFT_EMIT_LOC_STRINGS = NO;
				SWIFT_UPCOMING_FEATURE_MEMBER_IMPORT_VISIBILITY = YES;
				SWIFT_VERSION = 5.0;
				TARGETED_DEVICE_FAMILY = "1,2";
				TEST_TARGET_NAME = Pawductive;
			};
			name = Release;
		};
/* End XCBuildConfiguration section */

/* Begin XCConfigurationList section */
		870AC109300CB33800536C21 /* Build configuration list for PBXNativeTarget "PawductiveWidgetsExtension" */ = {
			isa = XCConfigurationList;
			buildConfigurations = (
				870AC10A300CB33800536C21 /* Debug */,
				870AC10B300CB33800536C21 /* Release */,
			);
			defaultConfigurationIsVisible = 0;
			defaultConfigurationName = Release;
		};
		F652EB012FB9D7E600DF4DD6 /* Build configuration list for PBXProject "Pawductive" */ = {
			isa = XCConfigurationList;
			buildConfigurations = (
				F652EB272FB9D7E700DF4DD6 /* Debug */,
				F652EB282FB9D7E700DF4DD6 /* Release */,
			);
			defaultConfigurationIsVisible = 0;
			defaultConfigurationName = Release;
		};
		F652EB292FB9D7E700DF4DD6 /* Build configuration list for PBXNativeTarget "Pawductive" */ = {
			isa = XCConfigurationList;
			buildConfigurations = (
				F652EB2A2FB9D7E700DF4DD6 /* Debug */,
				F652EB2B2FB9D7E700DF4DD6 /* Release */,
			);
			defaultConfigurationIsVisible = 0;
			defaultConfigurationName = Release;
		};
		F652EB2C2FB9D7E700DF4DD6 /* Build configuration list for PBXNativeTarget "PawductiveTests" */ = {
			isa = XCConfigurationList;
			buildConfigurations = (
				F652EB2D2FB9D7E700DF4DD6 /* Debug */,
				F652EB2E2FB9D7E700DF4DD6 /* Release */,
			);
			defaultConfigurationIsVisible = 0;
			defaultConfigurationName = Release;
		};
		F652EB2F2FB9D7E700DF4DD6 /* Build configuration list for PBXNativeTarget "PawductiveUITests" */ = {
			isa = XCConfigurationList;
			buildConfigurations = (
				F652EB302FB9D7E700DF4DD6 /* Debug */,
				F652EB312FB9D7E700DF4DD6 /* Release */,
			);
			defaultConfigurationIsVisible = 0;
			defaultConfigurationName = Release;
		};
/* End XCConfigurationList section */
	};
	rootObject = F652EAFE2FB9D7E600DF4DD6 /* Project object */;
}
